
Microsoft Visual Studio Solution File, Format Version 12.00
# Visual Studio Version 17
VisualStudioVersion = 17.4.33213.308
MinimumVisualStudioVersion = 10.0.40219.1
Project("{FAE04EC0-301F-11D3-BF4B-00C04F79EFBC}") = "multidimensional", "multidimensional\multidimensional.csproj", "{A795CF1C-7CF7-4FB6-A4B9-D7CE3A538C79}"
EndProject
Global
	GlobalSection(SolutionConfigurationPlatforms) = preSolution
		Debug|Any CPU = Debug|Any CPU
		Release|Any CPU = Release|Any CPU
	EndGlobalSection
	GlobalSection(ProjectConfigurationPlatforms) = postSolution
		{A795CF1C-7CF7-4FB6-A4B9-D7CE3A538C79}.Debug|Any CPU.ActiveCfg = Debug|Any CPU
		{A795CF1C-7CF7-4FB6-A4B9-D7CE3A538C79}.Debug|Any CPU.Build.0 = Debug|Any CPU
		{A795CF1C-7CF7-4FB6-A4B9-D7CE3A538C79}.Release|Any CPU.ActiveCfg = Release|Any CPU
		{A795CF1C-7CF7-4FB6-A4B9-D7CE3A538C79}.Release|Any CPU.Build.0 = Release|Any CPU
	EndGlobalSection
	GlobalSection(SolutionProperties) = preSolution
		HideSolutionNode = FALSE
	EndGlobalSection
	GlobalSection(ExtensibilityGlobals) = postSolution
		SolutionGuid = {7CAC05B0-D5DE-44A1-BB58-F36018F55A01}
	EndGlobalSection
EndGlobal
